
Microsoft Visual Studio Solution File, Format Version 12.00
# Visual Studio Version 17
VisualStudioVersion = 17.4.33213.308
MinimumVisualStudioVersion = 10.0.40219.1
Project("{FAE04EC0-301F-11D3-BF4B-00C04F79EFBC}") = "MODUL5_1302213011", "MODUL5_1302213011\MODUL5_1302213011.csproj", "{689451B3-045C-4454-A886-CFFA3E2667B6}"
EndProject
Global
	GlobalSection(SolutionConfigurationPlatforms) = preSolution
		Debug|Any CPU = Debug|Any CPU
		Release|Any CPU = Release|Any CPU
	EndGlobalSection
	GlobalSection(ProjectConfigurationPlatforms) = postSolution
		{689451B3-045C-4454-A886-CFFA3E2667B6}.Debug|Any CPU.ActiveCfg = Debug|Any CPU
		{689451B3-045C-4454-A886-CFFA3E2667B6}.Debug|Any CPU.Build.0 = Debug|Any CPU
		{689451B3-045C-4454-A886-CFFA3E2667B6}.Release|Any CPU.ActiveCfg = Release|Any CPU
		{689451B3-045C-4454-A886-CFFA3E2667B6}.Release|Any CPU.Build.0 = Release|Any CPU
	EndGlobalSection
	GlobalSection(SolutionProperties) = preSolution
		HideSolutionNode = FALSE
	EndGlobalSection
	GlobalSection(ExtensibilityGlobals) = postSolution
		SolutionGuid = {0CBDFE54-C9AF-47E4-BA2C-425E3FA58020}
	EndGlobalSection
EndGlobal
